
Microsoft Visual Studio Solution File, Format Version 12.00
# Visual Studio Version 17
VisualStudioVersion = 17.6.33815.320
MinimumVisualStudioVersion = 10.0.40219.1
Project("{FAE04EC0-301F-11D3-BF4B-00C04F79EFBC}") = "ModeAnalyzer1", "ModeAnalyzer1.csproj", "{3CB53F72-AB4B-4D17-84E1-776732D0E9C3}"
EndProject
Global
	GlobalSection(SolutionConfigurationPlatforms) = preSolution
		Debug|Any CPU = Debug|Any CPU
		Release|Any CPU = Release|Any CPU
	EndGlobalSection
	GlobalSection(ProjectConfigurationPlatforms) = postSolution
		{3CB53F72-AB4B-4D17-84E1-776732D0E9C3}.Debug|Any CPU.ActiveCfg = Debug|Any CPU
		{3CB53F72-AB4B-4D17-84E1-776732D0E9C3}.Debug|Any CPU.Build.0 = Debug|Any CPU
		{3CB53F72-AB4B-4D17-84E1-776732D0E9C3}.Release|Any CPU.ActiveCfg = Release|Any CPU
		{3CB53F72-AB4B-4D17-84E1-776732D0E9C3}.Release|Any CPU.Build.0 = Release|Any CPU
	EndGlobalSection
	GlobalSection(SolutionProperties) = preSolution
		HideSolutionNode = FALSE
	EndGlobalSection
	GlobalSection(ExtensibilityGlobals) = postSolution
		SolutionGuid = {0B8B1E18-819D-4AD9-8C21-B04475612140}
	EndGlobalSection
EndGlobal
